// !$*UTF8*$!
{
	archiveVersion = 1;
	classes = {
	};
	objectVersion = 50;
	objects = {

/* Begin PBXBuildFile section */
		37A2C90F377F0AD123F5DD48 /* Pods_CryptoTrackr.framework in Frameworks */ = {isa = PBXBuildFile; fileRef = 4043A1F874E0F12EFF993E01 /* Pods_CryptoTrackr.framework */; };
		3E1E23D721596D90000A5A4C /* CryptoData.swift in Sources */ = {isa = PBXBuildFile; fileRef = 3E1E23D621596D90000A5A4C /* CryptoData.swift */; };
		3E827307215961AB0048A88C /* AppDelegate.swift in Sources */ = {isa = PBXBuildFile; fileRef = 3E827306215961AB0048A88C /* AppDelegate.swift */; };
		3E827309215961AB0048A88C /* ViewController.swift in Sources */ = {isa = PBXBuildFile; fileRef = 3E827308215961AB0048A88C /* ViewController.swift */; };
		3E82730C215961AB0048A88C /* Main.storyboard in Resources */ = {isa = PBXBuildFile; fileRef = 3E82730A215961AB0048A88C /* Main.storyboard */; };
		3E82730E215961AC0048A88C /* Assets.xcassets in Resources */ = {isa = PBXBuildFile; fileRef = 3E82730D215961AC0048A88C /* Assets.xcassets */; };
		3E827311215961AC0048A88C /* LaunchScreen.storyboard in Resources */ = {isa = PBXBuildFile; fileRef = 3E82730F215961AC0048A88C /* LaunchScreen.storyboard */; };
/* End PBXBuildFile section */

/* Begin PBXFileReference section */
		1F3AF8E569408D2704DC1379 /* Pods-CryptoTrackr.debug.xcconfig */ = {isa = PBXFileReference; includeInIndex = 1; lastKnownFileType = text.xcconfig; name = "Pods-CryptoTrackr.debug.xcconfig"; path = "Pods/Target Support Files/Pods-CryptoTrackr/Pods-CryptoTrackr.debug.xcconfig"; sourceTree = "<group>"; };
		3E1E23D621596D90000A5A4C /* CryptoData.swift */ = {isa = PBXFileReference; lastKnownFileType = sourcecode.swift; path = CryptoData.swift; sourceTree = "<group>"; };
		3E827303215961AB0048A88C /* CryptoTrackr.app */ = {isa = PBXFileReference; explicitFileType = wrapper.application; includeInIndex = 0; path = CryptoTrackr.app; sourceTree = BUILT_PRODUCTS_DIR; };
		3E827306215961AB0048A88C /* AppDelegate.swift */ = {isa = PBXFileReference; lastKnownFileType = sourcecode.swift; path = AppDelegate.swift; sourceTree = "<group>"; };
		3E827308215961AB0048A88C /* ViewController.swift */ = {isa = PBXFileReference; lastKnownFileType = sourcecode.swift; path = ViewController.swift; sourceTree = "<group>"; };
		3E82730B215961AB0048A88C /* Base */ = {isa = PBXFileReference; lastKnownFileType = file.storyboard; name = Base; path = Base.lproj/Main.storyboard; sourceTree = "<group>"; };
		3E82730D215961AC0048A88C /* Assets.xcassets */ = {isa = PBXFileReference; lastKnownFileType = folder.assetcatalog; path = Assets.xcassets; sourceTree = "<group>"; };
		3E827310215961AC0048A88C /* Base */ = {isa = PBXFileReference; lastKnownFileType = file.storyboard; name = Base; path = Base.lproj/LaunchScreen.storyboard; sourceTree = "<group>"; };
		3E827312215961AC0048A88C /* Info.plist */ = {isa = PBXFileReference; lastKnownFileType = text.plist.xml; path = Info.plist; sourceTree = "<group>"; };
		4043A1F874E0F12EFF993E01 /* Pods_CryptoTrackr.framework */ = {isa = PBXFileReference; explicitFileType = wrapper.framework; includeInIndex = 0; path = Pods_CryptoTrackr.framework; sourceTree = BUILT_PRODUCTS_DIR; };
		F1AF74AADBF6738B05D9808E /* Pods-CryptoTrackr.release.xcconfig */ = {isa = PBXFileReference; includeInIndex = 1; lastKnownFileType = text.xcconfig; name = "Pods-CryptoTrackr.release.xcconfig"; path = "Pods/Target Support Files/Pods-CryptoTrackr/Pods-CryptoTrackr.release.xcconfig"; sourceTree = "<group>"; };
/* End PBXFileReference section */

/* Begin PBXFrameworksBuildPhase section */
		3E827300215961AB0048A88C /* Frameworks */ = {
			isa = PBXFrameworksBuildPhase;
			buildActionMask = 2147483647;
			files = (
				37A2C90F377F0AD123F5DD48 /* Pods_CryptoTrackr.framework in Frameworks */,
			);
			runOnlyForDeploymentPostprocessing = 0;
		};
/* End PBXFrameworksBuildPhase section */

/* Begin PBXGroup section */
		3E1E23D221596C0B000A5A4C /* Controller */ = {
			isa = PBXGroup;
			children = (
				3E827308215961AB0048A88C /* ViewController.swift */,
				3E827306215961AB0048A88C /* AppDelegate.swift */,
			);
			path = Controller;
			sourceTree = "<group>";
		};
		3E1E23D321596C22000A5A4C /* View */ = {
			isa = PBXGroup;
			children = (
				3E82730A215961AB0048A88C /* Main.storyboard */,
			);
			path = View;
			sourceTree = "<group>";
		};
		3E1E23D421596C3B000A5A4C /* Model */ = {
			isa = PBXGroup;
			children = (
				3E1E23D621596D90000A5A4C /* CryptoData.swift */,
			);
			path = Model;
			sourceTree = "<group>";
		};
		3E1E23D521596C4A000A5A4C /* Supporting Files */ = {
			isa = PBXGroup;
			children = (
				3E82730D215961AC0048A88C /* Assets.xcassets */,
				3E82730F215961AC0048A88C /* LaunchScreen.storyboard */,
			);
			path = "Supporting Files";
			sourceTree = "<group>";
		};
		3E8272FA215961AB0048A88C = {
			isa = PBXGroup;
			children = (
				3E827305215961AB0048A88C /* CryptoTrackr */,
				3E827304215961AB0048A88C /* Products */,
				FD4C82897456E839512A5346 /* Pods */,
				627FEDA7E668C1276B2BA75E /* Frameworks */,
			);
			sourceTree = "<group>";
		};
		3E827304215961AB0048A88C /* Products */ = {
			isa = PBXGroup;
			children = (
				3E827303215961AB0048A88C /* CryptoTrackr.app */,
			);
			name = Products;
			sourceTree = "<group>";
		};
		3E827305215961AB0048A88C /* CryptoTrackr */ = {
			isa = PBXGroup;
			children = (
				3E1E23D421596C3B000A5A4C /* Model */,
				3E1E23D321596C22000A5A4C /* View */,
				3E1E23D221596C0B000A5A4C /* Controller */,
				3E1E23D521596C4A000A5A4C /* Supporting Files */,
				3E827312215961AC0048A88C /* Info.plist */,
			);
			path = CryptoTrackr;
			sourceTree = "<group>";
		};
		627FEDA7E668C1276B2BA75E /* Frameworks */ = {
			isa = PBXGroup;
			children = (
				4043A1F874E0F12EFF993E01 /* Pods_CryptoTrackr.framework */,
			);
			name = Frameworks;
			sourceTree = "<group>";
		};
		FD4C82897456E839512A5346 /* Pods */ = {
			isa = PBXGroup;
			children = (
				1F3AF8E569408D2704DC1379 /* Pods-CryptoTrackr.debug.xcconfig */,
				F1AF74AADBF6738B05D9808E /* Pods-CryptoTrackr.release.xcconfig */,
			);
			name = Pods;
			sourceTree = "<group>";
		};
/* End PBXGroup section */

/* Begin PBXNativeTarget section */
		3E827302215961AB0048A88C /* CryptoTrackr */ = {
			isa = PBXNativeTarget;
			buildConfigurationList = 3E827315215961AC0048A88C /* Build configuration list for PBXNativeTarget "CryptoTrackr" */;
			buildPhases = (
				92386477E78E32CE3099741F /* [CP] Check Pods Manifest.lock */,
				3E8272FF215961AB0048A88C /* Sources */,
				3E827300215961AB0048A88C /* Frameworks */,
				3E827301215961AB0048A88C /* Resources */,
				C87E765B2B25916D89B03BFB /* [CP] Embed Pods Frameworks */,
			);
			buildRules = (
			);
			dependencies = (
			);
			name = CryptoTrackr;
			productName = CryptoTrackr;
			productReference = 3E827303215961AB0048A88C /* CryptoTrackr.app */;
			productType = "com.apple.product-type.application";
		};
/* End PBXNativeTarget section */

/* Begin PBXProject section */
		3E8272FB215961AB0048A88C /* Project object */ = {
			isa = PBXProject;
			attributes = {
				LastSwiftUpdateCheck = 1000;
				LastUpgradeCheck = 1000;
				ORGANIZATIONNAME = "Hector Mendoza";
				TargetAttributes = {
					3E827302215961AB0048A88C = {
						CreatedOnToolsVersion = 10.0;
					};
				};
			};
			buildConfigurationList = 3E8272FE215961AB0048A88C /* Build configuration list for PBXProject "CryptoTrackr" */;
			compatibilityVersion = "Xcode 9.3";
			developmentRegion = en;
			hasScannedForEncodings = 0;
			knownRegions = (
				en,
				Base,
			);
			mainGroup = 3E8272FA215961AB0048A88C;
			productRefGroup = 3E827304215961AB0048A88C /* Products */;
			projectDirPath = "";
			projectRoot = "";
			targets = (
				3E827302215961AB0048A88C /* CryptoTrackr */,
			);
		};
/* End PBXProject section */

/* Begin PBXResourcesBuildPhase section */
		3E827301215961AB0048A88C /* Resources */ = {
			isa = PBXResourcesBuildPhase;
			buildActionMask = 2147483647;
			files = (
				3E827311215961AC0048A88C /* LaunchScreen.storyboard in Resources */,
				3E82730E215961AC0048A88C /* Assets.xcassets in Resources */,
				3E82730C215961AB0048A88C /* Main.storyboard in Resources */,
			);
			runOnlyForDeploymentPostprocessing = 0;
		};
/* End PBXResourcesBuildPhase section */

/* Begin PBXShellScriptBuildPhase section */
		92386477E78E32CE3099741F /* [CP] Check Pods Manifest.lock */ = {
			isa = PBXShellScriptBuildPhase;
			buildActionMask = 2147483647;
			files = (
			);
			inputPaths = (
				"${PODS_PODFILE_DIR_PATH}/Podfile.lock",
				"${PODS_ROOT}/Manifest.lock",
			);
			name = "[CP] Check Pods Manifest.lock";
			outputPaths = (
				"$(DERIVED_FILE_DIR)/Pods-CryptoTrackr-checkManifestLockResult.txt",
			);
			runOnlyForDeploymentPostprocessing = 0;
			shellPath = /bin/sh;
			shellScript = "diff \"${PODS_PODFILE_DIR_PATH}/Podfile.lock\" \"${PODS_ROOT}/Manifest.lock\" > /dev/null\nif [ $? != 0 ] ; then\n    # print error to STDERR\n    echo \"error: The sandbox is not in sync with the Podfile.lock. Run 'pod install' or update your CocoaPods installation.\" >&2\n    exit 1\nfi\n# This output is used by Xcode 'outputs' to avoid re-running this script phase.\necho \"SUCCESS\" > \"${SCRIPT_OUTPUT_FILE_0}\"\n";
			showEnvVarsInLog = 0;
		};
		C87E765B2B25916D89B03BFB /* [CP] Embed Pods Frameworks */ = {
			isa = PBXShellScriptBuildPhase;
			buildActionMask = 2147483647;
			files = (
			);
			inputPaths = (
				"${SRCROOT}/Pods/Target Support Files/Pods-CryptoTrackr/Pods-CryptoTrackr-frameworks.sh",
				"${BUILT_PRODUCTS_DIR}/Alamofire/Alamofire.framework",
				"${BUILT_PRODUCTS_DIR}/SwiftyJSON/SwiftyJSON.framework",
			);
			name = "[CP] Embed Pods Frameworks";
			outputPaths = (
				"${TARGET_BUILD_DIR}/${FRAMEWORKS_FOLDER_PATH}/Alamofire.framework",
				"${TARGET_BUILD_DIR}/${FRAMEWORKS_FOLDER_PATH}/SwiftyJSON.framework",
			);
			runOnlyForDeploymentPostprocessing = 0;
			shellPath = /bin/sh;
			shellScript = "\"${SRCROOT}/Pods/Target Support Files/Pods-CryptoTrackr/Pods-CryptoTrackr-frameworks.sh\"\n";
			showEnvVarsInLog = 0;
		};
/* End PBXShellScriptBuildPhase section */

/* Begin PBXSourcesBuildPhase section */
		3E8272FF215961AB0048A88C /* Sources */ = {
			isa = PBXSourcesBuildPhase;
			buildActionMask = 2147483647;
			files = (
				3E827309215961AB0048A88C /* ViewController.swift in Sources */,
				3E827307215961AB0048A88C /* AppDelegate.swift in Sources */,
				3E1E23D721596D90000A5A4C /* CryptoData.swift in Sources */,
			);
			runOnlyForDeploymentPostprocessing = 0;
		};
/* End PBXSourcesBuildPhase section */

/* Begin PBXVariantGroup section */
		3E82730A215961AB0048A88C /* Main.storyboard */ = {
			isa = PBXVariantGroup;
			children = (
				3E82730B215961AB0048A88C /* Base */,
			);
			name = Main.storyboard;
			sourceTree = "<group>";
		};
		3E82730F215961AC0048A88C /* LaunchScreen.storyboard */ = {
			isa = PBXVariantGroup;
			children = (
				3E827310215961AC0048A88C /* Base */,
			);
			name = LaunchScreen.storyboard;
			sourceTree = "<group>";
		};
/* End PBXVariantGroup section */

/* Begin XCBuildConfiguration section */
		3E827313215961AC0048A88C /* Debug */ = {
			isa = XCBuildConfiguration;
			buildSettings = {
				ALWAYS_SEARCH_USER_PATHS = NO;
				CLANG_ANALYZER_NONNULL = YES;
				CLANG_ANALYZER_NUMBER_OBJECT_CONVERSION = YES_AGGRESSIVE;
				CLANG_CXX_LANGUAGE_STANDARD = "gnu++14";
				CLANG_CXX_LIBRARY = "libc++";
				CLANG_ENABLE_MODULES = YES;
				CLANG_ENABLE_OBJC_ARC = YES;
				CLANG_ENABLE_OBJC_WEAK = YES;
				CLANG_WARN_BLOCK_CAPTURE_AUTORELEASING = YES;
				CLANG_WARN_BOOL_CONVERSION = YES;
				CLANG_WARN_COMMA = YES;
				CLANG_WARN_CONSTANT_CONVERSION = YES;
				CLANG_WARN_DEPRECATED_OBJC_IMPLEMENTATIONS = YES;
				CLANG_WARN_DIRECT_OBJC_ISA_USAGE = YES_ERROR;
				CLANG_WARN_DOCUMENTATION_COMMENTS = YES;
				CLANG_WARN_EMPTY_BODY = YES;
				CLANG_WARN_ENUM_CONVERSION = YES;
				CLANG_WARN_INFINITE_RECURSION = YES;
				CLANG_WARN_INT_CONVERSION = YES;
				CLANG_WARN_NON_LITERAL_NULL_CONVERSION = YES;
				CLANG_WARN_OBJC_IMPLICIT_RETAIN_SELF = YES;
				CLANG_WARN_OBJC_LITERAL_CONVERSION = YES;
				CLANG_WARN_OBJC_ROOT_CLASS = YES_ERROR;
				CLANG_WARN_RANGE_LOOP_ANALYSIS = YES;
				CLANG_WARN_STRICT_PROTOTYPES = YES;
				CLANG_WARN_SUSPICIOUS_MOVE = YES;
				CLANG_WARN_UNGUARDED_AVAILABILITY = YES_AGGRESSIVE;
				CLANG_WARN_UNREACHABLE_CODE = YES;
				CLANG_WARN__DUPLICATE_METHOD_MATCH = YES;
				CODE_SIGN_IDENTITY = "iPhone Developer";
				COPY_PHASE_STRIP = NO;
				DEBUG_INFORMATION_FORMAT = dwarf;
				ENABLE_STRICT_OBJC_MSGSEND = YES;
				ENABLE_TESTABILITY = YES;
				GCC_C_LANGUAGE_STANDARD = gnu11;
				GCC_DYNAMIC_NO_PIC = NO;
				GCC_NO_COMMON_BLOCKS = YES;
				GCC_OPTIMIZATION_LEVEL = 0;
				GCC_PREPROCESSOR_DEFINITIONS = (
					"DEBUG=1",
					"$(inherited)",
				);
				GCC_WARN_64_TO_32_BIT_CONVERSION = YES;
				GCC_WARN_ABOUT_RETURN_TYPE = YES_ERROR;
				GCC_WARN_UNDECLARED_SELECTOR = YES;
				GCC_WARN_UNINITIALIZED_AUTOS = YES_AGGRESSIVE;
				GCC_WARN_UNUSED_FUNCTION = YES;
				GCC_WARN_UNUSED_VARIABLE = YES;
				IPHONEOS_DEPLOYMENT_TARGET = 12.0;
				MTL_ENABLE_DEBUG_INFO = INCLUDE_SOURCE;
				MTL_FAST_MATH = YES;
				ONLY_ACTIVE_ARCH = YES;
				SDKROOT = iphoneos;
				SWIFT_ACTIVE_COMPILATION_CONDITIONS = DEBUG;
				SWIFT_OPTIMIZATION_LEVEL = "-Onone";
			};
			name = Debug;
		};
		3E827314215961AC0048A88C /* Release */ = {
			isa = XCBuildConfiguration;
			buildSettings = {
				ALWAYS_SEARCH_USER_PATHS = NO;
				CLANG_ANALYZER_NONNULL = YES;
				CLANG_ANALYZER_NUMBER_OBJECT_CONVERSION = YES_AGGRESSIVE;
				CLANG_CXX_LANGUAGE_STANDARD = "gnu++14";
				CLANG_CXX_LIBRARY = "libc++";
				CLANG_ENABLE_MODULES = YES;
				CLANG_ENABLE_OBJC_ARC = YES;
				CLANG_ENABLE_OBJC_WEAK = YES;
				CLANG_WARN_BLOCK_CAPTURE_AUTORELEASING = YES;
				CLANG_WARN_BOOL_CONVERSION = YES;
				CLANG_WARN_COMMA = YES;
				CLANG_WARN_CONSTANT_CONVERSION = YES;
				CLANG_WARN_DEPRECATED_OBJC_IMPLEMENTATIONS = YES;
				CLANG_WARN_DIRECT_OBJC_ISA_USAGE = YES_ERROR;
				CLANG_WARN_DOCUMENTATION_COMMENTS = YES;
				CLANG_WARN_EMPTY_BODY = YES;
				CLANG_WARN_ENUM_CONVERSION = YES;
				CLANG_WARN_INFINITE_RECURSION = YES;
				CLANG_WARN_INT_CONVERSION = YES;
				CLANG_WARN_NON_LITERAL_NULL_CONVERSION = YES;
				CLANG_WARN_OBJC_IMPLICIT_RETAIN_SELF = YES;
				CLANG_WARN_OBJC_LITERAL_CONVERSION = YES;
				CLANG_WARN_OBJC_ROOT_CLASS = YES_ERROR;
				CLANG_WARN_RANGE_LOOP_ANALYSIS = YES;
				CLANG_WARN_STRICT_PROTOTYPES = YES;
				CLANG_WARN_SUSPICIOUS_MOVE = YES;
				CLANG_WARN_UNGUARDED_AVAILABILITY = YES_AGGRESSIVE;
				CLANG_WARN_UNREACHABLE_CODE = YES;
				CLANG_WARN__DUPLICATE_METHOD_MATCH = YES;
				CODE_SIGN_IDENTITY = "iPhone Developer";
				COPY_PHASE_STRIP = NO;
				DEBUG_INFORMATION_FORMAT = "dwarf-with-dsym";
				ENABLE_NS_ASSERTIONS = NO;
				ENABLE_STRICT_OBJC_MSGSEND = YES;
				GCC_C_LANGUAGE_STANDARD = gnu11;
				GCC_NO_COMMON_BLOCKS = YES;
				GCC_WARN_64_TO_32_BIT_CONVERSION = YES;
				GCC_WARN_ABOUT_RETURN_TYPE = YES_ERROR;
				GCC_WARN_UNDECLARED_SELECTOR = YES;
				GCC_WARN_UNINITIALIZED_AUTOS = YES_AGGRESSIVE;
				GCC_WARN_UNUSED_FUNCTION = YES;
				GCC_WARN_UNUSED_VARIABLE = YES;
				IPHONEOS_DEPLOYMENT_TARGET = 12.0;
				MTL_ENABLE_DEBUG_INFO = NO;
				MTL_FAST_MATH = YES;
				SDKROOT = iphoneos;
				SWIFT_COMPILATION_MODE = wholemodule;
				SWIFT_OPTIMIZATION_LEVEL = "-O";
				VALIDATE_PRODUCT = YES;
			};
			name = Release;
		};
		3E827316215961AC0048A88C /* Debug */ = {
			isa = XCBuildConfiguration;
			baseConfigurationReference = 1F3AF8E569408D2704DC1379 /* Pods-CryptoTrackr.debug.xcconfig */;
			buildSettings = {
				ASSETCATALOG_COMPILER_APPICON_NAME = AppIcon;
				CODE_SIGN_STYLE = Automatic;
				DEVELOPMENT_TEAM = T58BTBUXQN;
				INFOPLIST_FILE = CryptoTrackr/Info.plist;
				LD_RUNPATH_SEARCH_PATHS = (
					"$(inherited)",
					"@executable_path/Frameworks",
				);
				PRODUCT_BUNDLE_IDENTIFIER = com.mirlintox.CryptoTrackr;
				PRODUCT_NAME = "$(TARGET_NAME)";
				SWIFT_VERSION = 4.2;
				TARGETED_DEVICE_FAMILY = "1,2";
			};
			name = Debug;
		};
		3E827317215961AC0048A88C /* Release */ = {
			isa = XCBuildConfiguration;
			baseConfigurationReference = F1AF74AADBF6738B05D9808E /* Pods-CryptoTrackr.release.xcconfig */;
			buildSettings = {
				ASSETCATALOG_COMPILER_APPICON_NAME = AppIcon;
				CODE_SIGN_STYLE = Automatic;
				DEVELOPMENT_TEAM = T58BTBUXQN;
				INFOPLIST_FILE = CryptoTrackr/Info.plist;
				LD_RUNPATH_SEARCH_PATHS = (
					"$(inherited)",
					"@executable_path/Frameworks",
				);
				PRODUCT_BUNDLE_IDENTIFIER = com.mirlintox.CryptoTrackr;
				PRODUCT_NAME = "$(TARGET_NAME)";
				SWIFT_VERSION = 4.2;
				TARGETED_DEVICE_FAMILY = "1,2";
			};
			name = Release;
		};
/* End XCBuildConfiguration section */

/* Begin XCConfigurationList section */
		3E8272FE215961AB0048A88C /* Build configuration list for PBXProject "CryptoTrackr" */ = {
			isa = XCConfigurationList;
			buildConfigurations = (
				3E827313215961AC0048A88C /* Debug */,
				3E827314215961AC0048A88C /* Release */,
			);
			defaultConfigurationIsVisible = 0;
			defaultConfigurationName = Release;
		};
		3E827315215961AC0048A88C /* Build configuration list for PBXNativeTarget "CryptoTrackr" */ = {
			isa = XCConfigurationList;
			buildConfigurations = (
				3E827316215961AC0048A88C /* Debug */,
				3E827317215961AC0048A88C /* Release */,
			);
			defaultConfigurationIsVisible = 0;
			defaultConfigurationName = Release;
		};
/* End XCConfigurationList section */
	};
	rootObject = 3E8272FB215961AB0048A88C /* Project object */;
}
